
Microsoft Visual Studio Solution File, Format Version 12.00
# Visual Studio Version 16
VisualStudioVersion = 16.0.32106.194
MinimumVisualStudioVersion = 10.0.40219.1
Project("{FAE04EC0-301F-11D3-BF4B-00C04F79EFBC}") = "BlogMvcApp", "BlogMvcApp.csproj", "{6CB3F3B1-0AF3-4EF0-AB65-ACF6503F27BD}"
EndProject
Global
	GlobalSection(SolutionConfigurationPlatforms) = preSolution
		Debug|Any CPU = Debug|Any CPU
		Release|Any CPU = Release|Any CPU
	EndGlobalSection
	GlobalSection(ProjectConfigurationPlatforms) = postSolution
		{6CB3F3B1-0AF3-4EF0-AB65-ACF6503F27BD}.Debug|Any CPU.ActiveCfg = Debug|Any CPU
		{6CB3F3B1-0AF3-4EF0-AB65-ACF6503F27BD}.Debug|Any CPU.Build.0 = Debug|Any CPU
		{6CB3F3B1-0AF3-4EF0-AB65-ACF6503F27BD}.Release|Any CPU.ActiveCfg = Release|Any CPU
		{6CB3F3B1-0AF3-4EF0-AB65-ACF6503F27BD}.Release|Any CPU.Build.0 = Release|Any CPU
	EndGlobalSection
	GlobalSection(SolutionProperties) = preSolution
		HideSolutionNode = FALSE
	EndGlobalSection
	GlobalSection(ExtensibilityGlobals) = postSolution
		SolutionGuid = {BA14D33C-9C58-48E8-8D95-C7B511D2BC05}
	EndGlobalSection
EndGlobal
